
Microsoft Visual Studio Solution File, Format Version 12.00
# Visual Studio Version 16
VisualStudioVersion = 16.0.36631.11
MinimumVisualStudioVersion = 10.0.40219.1
Project("{FAE04EC0-301F-11D3-BF4B-00C04F79EFBC}") = "PhotoBoothRentalSystem", "PhotoBoothRentalSystem\PhotoBoothRentalSystem.csproj", "{AC0F7FA5-27CA-4D00-B50E-C83064C49ED6}"
EndProject
Global
	GlobalSection(SolutionConfigurationPlatforms) = preSolution
		Debug|Any CPU = Debug|Any CPU
		Release|Any CPU = Release|Any CPU
	EndGlobalSection
	GlobalSection(ProjectConfigurationPlatforms) = postSolution
		{AC0F7FA5-27CA-4D00-B50E-C83064C49ED6}.Debug|Any CPU.ActiveCfg = Debug|Any CPU
		{AC0F7FA5-27CA-4D00-B50E-C83064C49ED6}.Debug|Any CPU.Build.0 = Debug|Any CPU
		{AC0F7FA5-27CA-4D00-B50E-C83064C49ED6}.Release|Any CPU.ActiveCfg = Release|Any CPU
		{AC0F7FA5-27CA-4D00-B50E-C83064C49ED6}.Release|Any CPU.Build.0 = Release|Any CPU
	EndGlobalSection
	GlobalSection(SolutionProperties) = preSolution
		HideSolutionNode = FALSE
	EndGlobalSection
	GlobalSection(ExtensibilityGlobals) = postSolution
		SolutionGuid = {0EBC6BF3-C2BE-4D96-9566-D56FFAF7FE17}
	EndGlobalSection
EndGlobal
